
Microsoft Visual Studio Solution File, Format Version 12.00
# Visual Studio Version 16
VisualStudioVersion = 16.0.30907.101
MinimumVisualStudioVersion = 10.0.40219.1
Project("{FAE04EC0-301F-11D3-BF4B-00C04F79EFBC}") = "DVGB07_Modul4", "DVGB07_Modul4.csproj", "{39394E40-939A-4816-8EE4-E9251CEE5105}"
EndProject
Global
	GlobalSection(SolutionConfigurationPlatforms) = preSolution
		Debug|Any CPU = Debug|Any CPU
		Release|Any CPU = Release|Any CPU
	EndGlobalSection
	GlobalSection(ProjectConfigurationPlatforms) = postSolution
		{39394E40-939A-4816-8EE4-E9251CEE5105}.Debug|Any CPU.ActiveCfg = Debug|Any CPU
		{39394E40-939A-4816-8EE4-E9251CEE5105}.Debug|Any CPU.Build.0 = Debug|Any CPU
		{39394E40-939A-4816-8EE4-E9251CEE5105}.Release|Any CPU.ActiveCfg = Release|Any CPU
		{39394E40-939A-4816-8EE4-E9251CEE5105}.Release|Any CPU.Build.0 = Release|Any CPU
	EndGlobalSection
	GlobalSection(SolutionProperties) = preSolution
		HideSolutionNode = FALSE
	EndGlobalSection
	GlobalSection(ExtensibilityGlobals) = postSolution
		SolutionGuid = {B684C4AE-A08D-414B-9F98-F71862100813}
	EndGlobalSection
EndGlobal
